
Microsoft Visual Studio Solution File, Format Version 12.00
# Visual Studio Version 17
VisualStudioVersion = 17.2.32630.192
MinimumVisualStudioVersion = 10.0.40219.1
Project("{8BC9CEB8-8B4A-11D0-8D11-00A0C91BC942}") = "EC3_Fault_Detection", "EC3_Fault_Detection.vcxproj", "{B2AC7F7E-3335-429E-8ACE-1CD40B34BB84}"
EndProject
Global
	GlobalSection(SolutionConfigurationPlatforms) = preSolution
		Debug|x64 = Debug|x64
		Debug|x86 = Debug|x86
		Release|x64 = Release|x64
		Release|x86 = Release|x86
	EndGlobalSection
	GlobalSection(ProjectConfigurationPlatforms) = postSolution
		{B2AC7F7E-3335-429E-8ACE-1CD40B34BB84}.Debug|x64.ActiveCfg = Debug|x64
		{B2AC7F7E-3335-429E-8ACE-1CD40B34BB84}.Debug|x64.Build.0 = Debug|x64
		{B2AC7F7E-3335-429E-8ACE-1CD40B34BB84}.Debug|x86.ActiveCfg = Debug|Win32
		{B2AC7F7E-3335-429E-8ACE-1CD40B34BB84}.Debug|x86.Build.0 = Debug|Win32
		{B2AC7F7E-3335-429E-8ACE-1CD40B34BB84}.Release|x64.ActiveCfg = Release|x64
		{B2AC7F7E-3335-429E-8ACE-1CD40B34BB84}.Release|x64.Build.0 = Release|x64
		{B2AC7F7E-3335-429E-8ACE-1CD40B34BB84}.Release|x86.ActiveCfg = Release|Win32
		{B2AC7F7E-3335-429E-8ACE-1CD40B34BB84}.Release|x86.Build.0 = Release|Win32
	EndGlobalSection
	GlobalSection(SolutionProperties) = preSolution
		HideSolutionNode = FALSE
	EndGlobalSection
	GlobalSection(ExtensibilityGlobals) = postSolution
		SolutionGuid = {A8F731FA-9762-42A8-BE1C-0894A1038681}
	EndGlobalSection
EndGlobal
